
Microsoft Visual Studio Solution File, Format Version 12.00
# Visual Studio Version 17
VisualStudioVersion = 17.7.34221.43
MinimumVisualStudioVersion = 10.0.40219.1
Project("{888888A0-9F3D-457C-B088-3A5042F75D52}") = "Task_3", "Task_3.pyproj", "{C34FEDCC-5AF1-4393-BE2F-A4B5C833A012}"
EndProject
Global
	GlobalSection(SolutionConfigurationPlatforms) = preSolution
		Debug|Any CPU = Debug|Any CPU
		Release|Any CPU = Release|Any CPU
	EndGlobalSection
	GlobalSection(ProjectConfigurationPlatforms) = postSolution
		{C34FEDCC-5AF1-4393-BE2F-A4B5C833A012}.Debug|Any CPU.ActiveCfg = Debug|Any CPU
		{C34FEDCC-5AF1-4393-BE2F-A4B5C833A012}.Release|Any CPU.ActiveCfg = Release|Any CPU
	EndGlobalSection
	GlobalSection(SolutionProperties) = preSolution
		HideSolutionNode = FALSE
	EndGlobalSection
	GlobalSection(ExtensibilityGlobals) = postSolution
		SolutionGuid = {EFA216A7-9656-4E55-AD6E-3A17E3B315EB}
	EndGlobalSection
EndGlobal
